<?xml version="1.0" encoding="utf-8"?>
<Project ToolsVersion="4.0" xmlns="http://schemas.microsoft.com/developer/msbuild/2003">
  <ItemGroup>
    <Filter Include="Source Files">
      <UniqueIdentifier>{4FC737F1-C7A5-4376-A066-2A32D752A2FF}</UniqueIdentifier>
      <Extensions>cpp;c;cc;cxx;def;odl;idl;hpj;bat;asm;asmx</Extensions>
    </Filter>
    <Filter Include="Header Files">
      <UniqueIdentifier>{93995380-89BD-4b04-88EB-625FBE52EBFB}</UniqueIdentifier>
      <Extensions>h;hh;hpp;hxx;hm;inl;inc;xsd</Extensions>
    </Filter>
    <Filter Include="Resource Files">
      <UniqueIdentifier>{67DA6AB6-F800-4c08-8B7A-83BB121AAD01}</UniqueIdentifier>
      <Extensions>rc;ico;cur;bmp;dlg;rc2;rct;bin;rgs;gif;jpg;jpeg;jpe;resx;tiff;tif;png;wav;mfcribbon-ms</Extensions>
    </Filter>
  </ItemGroup>
  <ItemGroup>
    <ClCompile Include="Main.cpp">
      <Filter>Source Files</Filter>
    </ClCompile>
  </ItemGroup>
  <ItemGroup>
    <ClInclude Include="OOP_Extra_AssocArray.h">
      <Filter>Header Files</Filter>
    </ClInclude>
    <ClInclude Include="Templates_Extra_AssocArrayTemplate.h">
      <Filter>Header Files</Filter>
    </ClInclude>
    <ClInclude Include="OOP_1.2_ClassExample2.h">
      <Filter>Header Files</Filter>
    </ClInclude>
    <ClInclude Include="OOP_1.1_ClassExample1.h">
      <Filter>Header Files</Filter>
    </ClInclude>
    <ClInclude Include="OOP_7.2_Polymorph.h">
      <Filter>Header Files</Filter>
    </ClInclude>
    <ClInclude Include="OOP_7.1_VirtualFunctions.h">
      <Filter>Header Files</Filter>
    </ClInclude>
    <ClInclude Include="Templates_2_TemplateList.h">
      <Filter>Header Files</Filter>
    </ClInclude>
    <ClInclude Include="Templates_1_Templates.h">
      <Filter>Header Files</Filter>
    </ClInclude>
    <ClInclude Include="Zzz_ConsoleDraw.h">
      <Filter>Header Files</Filter>
    </ClInclude>
    <ClInclude Include="Basics_1_FirstProgram.h">
      <Filter>Header Files</Filter>
    </ClInclude>
    <ClInclude Include="Basics_2.1_Variables.h">
      <Filter>Header Files</Filter>
    </ClInclude>
    <ClInclude Include="Basics_2.3_LocalVariables.h">
      <Filter>Header Files</Filter>
    </ClInclude>
    <ClInclude Include="Basics_2.4_LocalGlobalVariables.h">
      <Filter>Header Files</Filter>
    </ClInclude>
    <ClInclude Include="Basics_3_Cycles.h">
      <Filter>Header Files</Filter>
    </ClInclude>
    <ClInclude Include="Basics_4_Functions.h">
      <Filter>Header Files</Filter>
    </ClInclude>
    <ClInclude Include="Basics_5_Pointers.h">
      <Filter>Header Files</Filter>
    </ClInclude>
    <ClInclude Include="OOP_2.1_ClassArray.h">
      <Filter>Header Files</Filter>
    </ClInclude>
    <ClInclude Include="Basics_7_Structures.h">
      <Filter>Header Files</Filter>
    </ClInclude>
    <ClInclude Include="Basics_8_Union.h">
      <Filter>Header Files</Filter>
    </ClInclude>
    <ClInclude Include="Basics_9_Enum.h">
      <Filter>Header Files</Filter>
    </ClInclude>
    <ClInclude Include="Basics_6.2_ReferencesVsPointers.h">
      <Filter>Header Files</Filter>
    </ClInclude>
    <ClInclude Include="Basics_6.1_References.h">
      <Filter>Header Files</Filter>
    </ClInclude>
    <ClInclude Include="Basics_Extra_1_StructEnum.h">
      <Filter>Header Files</Filter>
    </ClInclude>
    <ClInclude Include="Basics_Extra_2_StructArray.h">
      <Filter>Header Files</Filter>
    </ClInclude>
    <ClInclude Include="Basics_Extra_3_StructList.h">
      <Filter>Header Files</Filter>
    </ClInclude>
    <ClInclude Include="Zzz_ConsoleLanguage.h">
      <Filter>Header Files</Filter>
    </ClInclude>
  </ItemGroup>
  <ItemGroup>
    <None Include="Basics_2.2_GlobalVariables.h">
      <Filter>Header Files</Filter>
    </None>
  </ItemGroup>
</Project>